
Microsoft Visual Studio Solution File, Format Version 12.00
# Visual Studio Version 16
VisualStudioVersion = 16.0.29709.97
MinimumVisualStudioVersion = 10.0.40219.1
Project("{FAE04EC0-301F-11D3-BF4B-00C04F79EFBC}") = "MvcMovie", "MvcMovie.csproj", "{AF02201C-F0B5-443D-A73C-9B3D19F79285}"
EndProject
Global
	GlobalSection(SolutionConfigurationPlatforms) = preSolution
		Debug|Any CPU = Debug|Any CPU
		Release|Any CPU = Release|Any CPU
	EndGlobalSection
	GlobalSection(ProjectConfigurationPlatforms) = postSolution
		{AF02201C-F0B5-443D-A73C-9B3D19F79285}.Debug|Any CPU.ActiveCfg = Debug|Any CPU
		{AF02201C-F0B5-443D-A73C-9B3D19F79285}.Debug|Any CPU.Build.0 = Debug|Any CPU
		{AF02201C-F0B5-443D-A73C-9B3D19F79285}.Release|Any CPU.ActiveCfg = Release|Any CPU
		{AF02201C-F0B5-443D-A73C-9B3D19F79285}.Release|Any CPU.Build.0 = Release|Any CPU
	EndGlobalSection
	GlobalSection(SolutionProperties) = preSolution
		HideSolutionNode = FALSE
	EndGlobalSection
	GlobalSection(ExtensibilityGlobals) = postSolution
		SolutionGuid = {3BD4A393-0BBD-418D-83CA-4460E3EC1501}
	EndGlobalSection
EndGlobal
