
Microsoft Visual Studio Solution File, Format Version 12.00
# Visual Studio Version 16
VisualStudioVersion = 16.0.30225.117
MinimumVisualStudioVersion = 10.0.40219.1
Project("{FAE04EC0-301F-11D3-BF4B-00C04F79EFBC}") = "Notes.Android", "Notes.Android\Notes.Android.csproj", "{1BB0A770-DE4A-4724-B343-F62261F71B47}"
EndProject
Project("{FAE04EC0-301F-11D3-BF4B-00C04F79EFBC}") = "Notes.iOS", "Notes.iOS\Notes.iOS.csproj", "{21E53072-F0D0-42B7-9137-17DC922718CD}"
EndProject
Project("{FAE04EC0-301F-11D3-BF4B-00C04F79EFBC}") = "Notes", "Notes\Notes.csproj", "{DD561A39-CC3C-4F78-A24A-361AF2864DF7}"
EndProject
Global
	GlobalSection(SolutionConfigurationPlatforms) = preSolution
		Debug|Any CPU = Debug|Any CPU
		Debug|iPhone = Debug|iPhone
		Debug|iPhoneSimulator = Debug|iPhoneSimulator
		Release|Any CPU = Release|Any CPU
		Release|iPhone = Release|iPhone
		Release|iPhoneSimulator = Release|iPhoneSimulator
	EndGlobalSection
	GlobalSection(ProjectConfigurationPlatforms) = postSolution
		{1BB0A770-DE4A-4724-B343-F62261F71B47}.Debug|Any CPU.ActiveCfg = Debug|Any CPU
		{1BB0A770-DE4A-4724-B343-F62261F71B47}.Debug|Any CPU.Build.0 = Debug|Any CPU
		{1BB0A770-DE4A-4724-B343-F62261F71B47}.Debug|Any CPU.Deploy.0 = Debug|Any CPU
		{1BB0A770-DE4A-4724-B343-F62261F71B47}.Debug|iPhone.ActiveCfg = Debug|Any CPU
		{1BB0A770-DE4A-4724-B343-F62261F71B47}.Debug|iPhone.Build.0 = Debug|Any CPU
		{1BB0A770-DE4A-4724-B343-F62261F71B47}.Debug|iPhone.Deploy.0 = Debug|Any CPU
		{1BB0A770-DE4A-4724-B343-F62261F71B47}.Debug|iPhoneSimulator.ActiveCfg = Debug|Any CPU
		{1BB0A770-DE4A-4724-B343-F62261F71B47}.Debug|iPhoneSimulator.Build.0 = Debug|Any CPU
		{1BB0A770-DE4A-4724-B343-F62261F71B47}.Debug|iPhoneSimulator.Deploy.0 = Debug|Any CPU
		{1BB0A770-DE4A-4724-B343-F62261F71B47}.Release|Any CPU.ActiveCfg = Release|Any CPU
		{1BB0A770-DE4A-4724-B343-F62261F71B47}.Release|Any CPU.Build.0 = Release|Any CPU
		{1BB0A770-DE4A-4724-B343-F62261F71B47}.Release|Any CPU.Deploy.0 = Release|Any CPU
		{1BB0A770-DE4A-4724-B343-F62261F71B47}.Release|iPhone.ActiveCfg = Release|Any CPU
		{1BB0A770-DE4A-4724-B343-F62261F71B47}.Release|iPhone.Build.0 = Release|Any CPU
		{1BB0A770-DE4A-4724-B343-F62261F71B47}.Release|iPhone.Deploy.0 = Release|Any CPU
		{1BB0A770-DE4A-4724-B343-F62261F71B47}.Release|iPhoneSimulator.ActiveCfg = Release|Any CPU
		{1BB0A770-DE4A-4724-B343-F62261F71B47}.Release|iPhoneSimulator.Build.0 = Release|Any CPU
		{1BB0A770-DE4A-4724-B343-F62261F71B47}.Release|iPhoneSimulator.Deploy.0 = Release|Any CPU
		{21E53072-F0D0-42B7-9137-17DC922718CD}.Debug|Any CPU.ActiveCfg = Debug|iPhone
		{21E53072-F0D0-42B7-9137-17DC922718CD}.Debug|Any CPU.Build.0 = Debug|iPhone
		{21E53072-F0D0-42B7-9137-17DC922718CD}.Debug|Any CPU.Deploy.0 = Debug|iPhone
		{21E53072-F0D0-42B7-9137-17DC922718CD}.Debug|iPhone.ActiveCfg = Debug|iPhone
		{21E53072-F0D0-42B7-9137-17DC922718CD}.Debug|iPhone.Build.0 = Debug|iPhone
		{21E53072-F0D0-42B7-9137-17DC922718CD}.Debug|iPhone.Deploy.0 = Debug|iPhone
		{21E53072-F0D0-42B7-9137-17DC922718CD}.Debug|iPhoneSimulator.ActiveCfg = Debug|iPhoneSimulator
		{21E53072-F0D0-42B7-9137-17DC922718CD}.Debug|iPhoneSimulator.Build.0 = Debug|iPhoneSimulator
		{21E53072-F0D0-42B7-9137-17DC922718CD}.Debug|iPhoneSimulator.Deploy.0 = Debug|iPhoneSimulator
		{21E53072-F0D0-42B7-9137-17DC922718CD}.Release|Any CPU.ActiveCfg = Release|iPhone
		{21E53072-F0D0-42B7-9137-17DC922718CD}.Release|Any CPU.Build.0 = Release|iPhone
		{21E53072-F0D0-42B7-9137-17DC922718CD}.Release|Any CPU.Deploy.0 = Release|iPhone
		{21E53072-F0D0-42B7-9137-17DC922718CD}.Release|iPhone.ActiveCfg = Release|iPhone
		{21E53072-F0D0-42B7-9137-17DC922718CD}.Release|iPhone.Build.0 = Release|iPhone
		{21E53072-F0D0-42B7-9137-17DC922718CD}.Release|iPhone.Deploy.0 = Release|iPhone
		{21E53072-F0D0-42B7-9137-17DC922718CD}.Release|iPhoneSimulator.ActiveCfg = Release|iPhoneSimulator
		{21E53072-F0D0-42B7-9137-17DC922718CD}.Release|iPhoneSimulator.Build.0 = Release|iPhoneSimulator
		{21E53072-F0D0-42B7-9137-17DC922718CD}.Release|iPhoneSimulator.Deploy.0 = Release|iPhoneSimulator
		{DD561A39-CC3C-4F78-A24A-361AF2864DF7}.Debug|Any CPU.ActiveCfg = Debug|Any CPU
		{DD561A39-CC3C-4F78-A24A-361AF2864DF7}.Debug|Any CPU.Build.0 = Debug|Any CPU
		{DD561A39-CC3C-4F78-A24A-361AF2864DF7}.Debug|Any CPU.Deploy.0 = Debug|Any CPU
		{DD561A39-CC3C-4F78-A24A-361AF2864DF7}.Debug|iPhone.ActiveCfg = Debug|Any CPU
		{DD561A39-CC3C-4F78-A24A-361AF2864DF7}.Debug|iPhone.Build.0 = Debug|Any CPU
		{DD561A39-CC3C-4F78-A24A-361AF2864DF7}.Debug|iPhone.Deploy.0 = Debug|Any CPU
		{DD561A39-CC3C-4F78-A24A-361AF2864DF7}.Debug|iPhoneSimulator.ActiveCfg = Debug|Any CPU
		{DD561A39-CC3C-4F78-A24A-361AF2864DF7}.Debug|iPhoneSimulator.Build.0 = Debug|Any CPU
		{DD561A39-CC3C-4F78-A24A-361AF2864DF7}.Debug|iPhoneSimulator.Deploy.0 = Debug|Any CPU
		{DD561A39-CC3C-4F78-A24A-361AF2864DF7}.Release|Any CPU.ActiveCfg = Release|Any CPU
		{DD561A39-CC3C-4F78-A24A-361AF2864DF7}.Release|Any CPU.Build.0 = Release|Any CPU
		{DD561A39-CC3C-4F78-A24A-361AF2864DF7}.Release|Any CPU.Deploy.0 = Release|Any CPU
		{DD561A39-CC3C-4F78-A24A-361AF2864DF7}.Release|iPhone.ActiveCfg = Release|Any CPU
		{DD561A39-CC3C-4F78-A24A-361AF2864DF7}.Release|iPhone.Build.0 = Release|Any CPU
		{DD561A39-CC3C-4F78-A24A-361AF2864DF7}.Release|iPhone.Deploy.0 = Release|Any CPU
		{DD561A39-CC3C-4F78-A24A-361AF2864DF7}.Release|iPhoneSimulator.ActiveCfg = Release|Any CPU
		{DD561A39-CC3C-4F78-A24A-361AF2864DF7}.Release|iPhoneSimulator.Build.0 = Release|Any CPU
		{DD561A39-CC3C-4F78-A24A-361AF2864DF7}.Release|iPhoneSimulator.Deploy.0 = Release|Any CPU
	EndGlobalSection
	GlobalSection(SolutionProperties) = preSolution
		HideSolutionNode = FALSE
	EndGlobalSection
	GlobalSection(ExtensibilityGlobals) = postSolution
		SolutionGuid = {1C36E9F5-F4FD-47DE-A163-47286FC8531F}
	EndGlobalSection
EndGlobal
